
Microsoft Visual Studio Solution File, Format Version 12.00
# Visual Studio Version 16
VisualStudioVersion = 16.0.31205.134
MinimumVisualStudioVersion = 10.0.40219.1
Project("{9A19103F-16F7-4668-BE54-9A1E7A4F7556}") = "DGMFB.Platform.Hardware.Connection", "DGMFB.Platform.Hardware.Connections\DGMFB.Platform.Hardware.Connection.csproj", "{5CD41A37-B36C-4543-BDBD-D89122536D94}"
EndProject
Project("{9A19103F-16F7-4668-BE54-9A1E7A4F7556}") = "DGMFB.Platform.Hardware.Protocols", "DGMFB.Platform.Hardware.Protocols\DGMFB.Platform.Hardware.Protocols.csproj", "{97A418AE-BE1B-4E01-9607-85F741956E45}"
EndProject
Global
	GlobalSection(SolutionConfigurationPlatforms) = preSolution
		Debug|Any CPU = Debug|Any CPU
		Release|Any CPU = Release|Any CPU
	EndGlobalSection
	GlobalSection(ProjectConfigurationPlatforms) = postSolution
		{5CD41A37-B36C-4543-BDBD-D89122536D94}.Debug|Any CPU.ActiveCfg = Debug|Any CPU
		{5CD41A37-B36C-4543-BDBD-D89122536D94}.Debug|Any CPU.Build.0 = Debug|Any CPU
		{5CD41A37-B36C-4543-BDBD-D89122536D94}.Release|Any CPU.ActiveCfg = Release|Any CPU
		{5CD41A37-B36C-4543-BDBD-D89122536D94}.Release|Any CPU.Build.0 = Release|Any CPU
		{97A418AE-BE1B-4E01-9607-85F741956E45}.Debug|Any CPU.ActiveCfg = Debug|Any CPU
		{97A418AE-BE1B-4E01-9607-85F741956E45}.Debug|Any CPU.Build.0 = Debug|Any CPU
		{97A418AE-BE1B-4E01-9607-85F741956E45}.Release|Any CPU.ActiveCfg = Release|Any CPU
		{97A418AE-BE1B-4E01-9607-85F741956E45}.Release|Any CPU.Build.0 = Release|Any CPU
	EndGlobalSection
	GlobalSection(SolutionProperties) = preSolution
		HideSolutionNode = FALSE
	EndGlobalSection
	GlobalSection(ExtensibilityGlobals) = postSolution
		SolutionGuid = {9B4275CE-B185-4309-AEE6-8669B4EA6421}
	EndGlobalSection
EndGlobal
