
Microsoft Visual Studio Solution File, Format Version 12.00
# Visual Studio Version 16
VisualStudioVersion = 16.0.31205.134
MinimumVisualStudioVersion = 10.0.40219.1
Project("{FAE04EC0-301F-11D3-BF4B-00C04F79EFBC}") = "DGMFB.Platform.Hardware.Connection", "DGMFB.Platform.Hardware\DGMFB.Platform.Hardware.Connection.csproj", "{133F7A65-6D09-4E75-ABF4-BBC965D243CF}"
EndProject
Global
	GlobalSection(SolutionConfigurationPlatforms) = preSolution
		Debug|Any CPU = Debug|Any CPU
		Release|Any CPU = Release|Any CPU
	EndGlobalSection
	GlobalSection(ProjectConfigurationPlatforms) = postSolution
		{133F7A65-6D09-4E75-ABF4-BBC965D243CF}.Debug|Any CPU.ActiveCfg = Debug|Any CPU
		{133F7A65-6D09-4E75-ABF4-BBC965D243CF}.Debug|Any CPU.Build.0 = Debug|Any CPU
		{133F7A65-6D09-4E75-ABF4-BBC965D243CF}.Release|Any CPU.ActiveCfg = Release|Any CPU
		{133F7A65-6D09-4E75-ABF4-BBC965D243CF}.Release|Any CPU.Build.0 = Release|Any CPU
	EndGlobalSection
	GlobalSection(SolutionProperties) = preSolution
		HideSolutionNode = FALSE
	EndGlobalSection
	GlobalSection(ExtensibilityGlobals) = postSolution
		SolutionGuid = {9B4275CE-B185-4309-AEE6-8669B4EA6421}
	EndGlobalSection
EndGlobal
